
Microsoft Visual Studio Solution File, Format Version 12.00
# Visual Studio 2012
Project("{FAE04EC0-301F-11D3-BF4B-00C04F79EFBC}") = "DateIt", "DateIt\DateIt.csproj", "{CDC2EDF9-9908-465C-BEAB-FE979C69265B}"
EndProject
Project("{FAE04EC0-301F-11D3-BF4B-00C04F79EFBC}") = "DateIt.WebApi", "DateIt.WebApi\DateIt.WebApi.csproj", "{D6E6C017-910B-47E6-8B57-99A318503FC1}"
EndProject
Project("{FAE04EC0-301F-11D3-BF4B-00C04F79EFBC}") = "DateIt.WebApi.Tests", "DateIt.WebApi.Tests\DateIt.WebApi.Tests.csproj", "{E4E660AE-59EA-4E09-A25B-5A27746230DA}"
EndProject
Project("{E24C65DC-7377-472B-9ABA-BC803B73C61A}") = "www", "http://localhost:47695", "{B9271E65-9FA1-4921-B433-1BB130DCEFDE}"
	ProjectSection(WebsiteProperties) = preProject
		UseIISExpress = "true"
		TargetFrameworkMoniker = ".NETFramework,Version%3Dv4.0"
		Debug.AspNetCompiler.VirtualPath = "/www"
		Debug.AspNetCompiler.PhysicalPath = "www\"
		Debug.AspNetCompiler.TargetPath = "PrecompiledWeb\www\"
		Debug.AspNetCompiler.Updateable = "true"
		Debug.AspNetCompiler.ForceOverwrite = "true"
		Debug.AspNetCompiler.FixedNames = "false"
		Debug.AspNetCompiler.Debug = "True"
		Release.AspNetCompiler.VirtualPath = "/www"
		Release.AspNetCompiler.PhysicalPath = "www\"
		Release.AspNetCompiler.TargetPath = "PrecompiledWeb\www\"
		Release.AspNetCompiler.Updateable = "true"
		Release.AspNetCompiler.ForceOverwrite = "true"
		Release.AspNetCompiler.FixedNames = "false"
		Release.AspNetCompiler.Debug = "False"
		SlnRelativePath = "www\"
	EndProjectSection
EndProject
Global
	GlobalSection(SolutionConfigurationPlatforms) = preSolution
		Debug|Any CPU = Debug|Any CPU
		Release|Any CPU = Release|Any CPU
	EndGlobalSection
	GlobalSection(ProjectConfigurationPlatforms) = postSolution
		{CDC2EDF9-9908-465C-BEAB-FE979C69265B}.Debug|Any CPU.ActiveCfg = Debug|Any CPU
		{CDC2EDF9-9908-465C-BEAB-FE979C69265B}.Debug|Any CPU.Build.0 = Debug|Any CPU
		{CDC2EDF9-9908-465C-BEAB-FE979C69265B}.Release|Any CPU.ActiveCfg = Release|Any CPU
		{CDC2EDF9-9908-465C-BEAB-FE979C69265B}.Release|Any CPU.Build.0 = Release|Any CPU
		{D6E6C017-910B-47E6-8B57-99A318503FC1}.Debug|Any CPU.ActiveCfg = Debug|Any CPU
		{D6E6C017-910B-47E6-8B57-99A318503FC1}.Debug|Any CPU.Build.0 = Debug|Any CPU
		{D6E6C017-910B-47E6-8B57-99A318503FC1}.Release|Any CPU.ActiveCfg = Release|Any CPU
		{D6E6C017-910B-47E6-8B57-99A318503FC1}.Release|Any CPU.Build.0 = Release|Any CPU
		{E4E660AE-59EA-4E09-A25B-5A27746230DA}.Debug|Any CPU.ActiveCfg = Debug|Any CPU
		{E4E660AE-59EA-4E09-A25B-5A27746230DA}.Debug|Any CPU.Build.0 = Debug|Any CPU
		{E4E660AE-59EA-4E09-A25B-5A27746230DA}.Release|Any CPU.ActiveCfg = Release|Any CPU
		{E4E660AE-59EA-4E09-A25B-5A27746230DA}.Release|Any CPU.Build.0 = Release|Any CPU
		{B9271E65-9FA1-4921-B433-1BB130DCEFDE}.Debug|Any CPU.ActiveCfg = Debug|Any CPU
		{B9271E65-9FA1-4921-B433-1BB130DCEFDE}.Debug|Any CPU.Build.0 = Debug|Any CPU
		{B9271E65-9FA1-4921-B433-1BB130DCEFDE}.Release|Any CPU.ActiveCfg = Debug|Any CPU
		{B9271E65-9FA1-4921-B433-1BB130DCEFDE}.Release|Any CPU.Build.0 = Debug|Any CPU
	EndGlobalSection
	GlobalSection(SolutionProperties) = preSolution
		HideSolutionNode = FALSE
	EndGlobalSection
EndGlobal
